// !$*UTF8*$!
{
	archiveVersion = 1;
	classes = {
	};
	objectVersion = 56;
	objects = {

/* Begin PBXBuildFile section */
		B05D2656295B549100EE05AF /* GimBooksApp.swift in Sources */ = {isa = PBXBuildFile; fileRef = B05D2655295B549100EE05AF /* GimBooksApp.swift */; };
		B05D265A295B549300EE05AF /* Assets.xcassets in Resources */ = {isa = PBXBuildFile; fileRef = B05D2659295B549300EE05AF /* Assets.xcassets */; };
		B05D265D295B549300EE05AF /* Preview Assets.xcassets in Resources */ = {isa = PBXBuildFile; fileRef = B05D265C295B549300EE05AF /* Preview Assets.xcassets */; };
		B05D2668295B54D200EE05AF /* RouteManager.swift in Sources */ = {isa = PBXBuildFile; fileRef = B05D2667295B54D200EE05AF /* RouteManager.swift */; };
		B05D266B295B553E00EE05AF /* OTPView.swift in Sources */ = {isa = PBXBuildFile; fileRef = B05D266A295B553E00EE05AF /* OTPView.swift */; };
		B05D2670295B579600EE05AF /* RootView.swift in Sources */ = {isa = PBXBuildFile; fileRef = B05D266F295B579600EE05AF /* RootView.swift */; };
		B05D2672295B57DB00EE05AF /* MobileView.swift in Sources */ = {isa = PBXBuildFile; fileRef = B05D2671295B57DB00EE05AF /* MobileView.swift */; };
		B05D2674295B593D00EE05AF /* SessioinManager.swift in Sources */ = {isa = PBXBuildFile; fileRef = B05D2673295B593D00EE05AF /* SessioinManager.swift */; };
		B05D2677295B5FFA00EE05AF /* HomeView.swift in Sources */ = {isa = PBXBuildFile; fileRef = B05D2676295B5FFA00EE05AF /* HomeView.swift */; };
		B05D267A295B6AA400EE05AF /* HeaderView.swift in Sources */ = {isa = PBXBuildFile; fileRef = B05D2679295B6AA400EE05AF /* HeaderView.swift */; };
		B05D267C295B739800EE05AF /* LaunchScreen.storyboard in Resources */ = {isa = PBXBuildFile; fileRef = B05D267B295B739800EE05AF /* LaunchScreen.storyboard */; };
/* End PBXBuildFile section */

/* Begin PBXFileReference section */
		B05D2652295B549100EE05AF /* GimBooks.app */ = {isa = PBXFileReference; explicitFileType = wrapper.application; includeInIndex = 0; path = GimBooks.app; sourceTree = BUILT_PRODUCTS_DIR; };
		B05D2655295B549100EE05AF /* GimBooksApp.swift */ = {isa = PBXFileReference; lastKnownFileType = sourcecode.swift; path = GimBooksApp.swift; sourceTree = "<group>"; };
		B05D2659295B549300EE05AF /* Assets.xcassets */ = {isa = PBXFileReference; lastKnownFileType = folder.assetcatalog; path = Assets.xcassets; sourceTree = "<group>"; };
		B05D265C295B549300EE05AF /* Preview Assets.xcassets */ = {isa = PBXFileReference; lastKnownFileType = folder.assetcatalog; path = "Preview Assets.xcassets"; sourceTree = "<group>"; };
		B05D2667295B54D200EE05AF /* RouteManager.swift */ = {isa = PBXFileReference; lastKnownFileType = sourcecode.swift; path = RouteManager.swift; sourceTree = "<group>"; };
		B05D266A295B553E00EE05AF /* OTPView.swift */ = {isa = PBXFileReference; lastKnownFileType = sourcecode.swift; path = OTPView.swift; sourceTree = "<group>"; };
		B05D266F295B579600EE05AF /* RootView.swift */ = {isa = PBXFileReference; lastKnownFileType = sourcecode.swift; path = RootView.swift; sourceTree = "<group>"; };
		B05D2671295B57DB00EE05AF /* MobileView.swift */ = {isa = PBXFileReference; lastKnownFileType = sourcecode.swift; path = MobileView.swift; sourceTree = "<group>"; };
		B05D2673295B593D00EE05AF /* SessioinManager.swift */ = {isa = PBXFileReference; lastKnownFileType = sourcecode.swift; path = SessioinManager.swift; sourceTree = "<group>"; };
		B05D2676295B5FFA00EE05AF /* HomeView.swift */ = {isa = PBXFileReference; lastKnownFileType = sourcecode.swift; path = HomeView.swift; sourceTree = "<group>"; };
		B05D2679295B6AA400EE05AF /* HeaderView.swift */ = {isa = PBXFileReference; lastKnownFileType = sourcecode.swift; path = HeaderView.swift; sourceTree = "<group>"; };
		B05D267B295B739800EE05AF /* LaunchScreen.storyboard */ = {isa = PBXFileReference; lastKnownFileType = file.storyboard; path = LaunchScreen.storyboard; sourceTree = "<group>"; };
/* End PBXFileReference section */

/* Begin PBXFrameworksBuildPhase section */
		B05D264F295B549100EE05AF /* Frameworks */ = {
			isa = PBXFrameworksBuildPhase;
			buildActionMask = 2147483647;
			files = (
			);
			runOnlyForDeploymentPostprocessing = 0;
		};
/* End PBXFrameworksBuildPhase section */

/* Begin PBXGroup section */
		B05D2649295B549100EE05AF = {
			isa = PBXGroup;
			children = (
				B05D2654295B549100EE05AF /* GimBooks */,
				B05D2653295B549100EE05AF /* Products */,
			);
			sourceTree = "<group>";
		};
		B05D2653295B549100EE05AF /* Products */ = {
			isa = PBXGroup;
			children = (
				B05D2652295B549100EE05AF /* GimBooks.app */,
			);
			name = Products;
			sourceTree = "<group>";
		};
		B05D2654295B549100EE05AF /* GimBooks */ = {
			isa = PBXGroup;
			children = (
				B05D2655295B549100EE05AF /* GimBooksApp.swift */,
				B05D266F295B579600EE05AF /* RootView.swift */,
				B05D2663295B54A800EE05AF /* Login */,
				B05D2675295B5FED00EE05AF /* Home */,
				B05D2678295B6A9600EE05AF /* ReusableViews */,
				B05D2666295B54C600EE05AF /* Manager */,
				B05D267B295B739800EE05AF /* LaunchScreen.storyboard */,
				B05D2659295B549300EE05AF /* Assets.xcassets */,
				B05D265B295B549300EE05AF /* Preview Content */,
			);
			path = GimBooks;
			sourceTree = "<group>";
		};
		B05D265B295B549300EE05AF /* Preview Content */ = {
			isa = PBXGroup;
			children = (
				B05D265C295B549300EE05AF /* Preview Assets.xcassets */,
			);
			path = "Preview Content";
			sourceTree = "<group>";
		};
		B05D2663295B54A800EE05AF /* Login */ = {
			isa = PBXGroup;
			children = (
				B05D266C295B577900EE05AF /* Mobile */,
				B05D2669295B552200EE05AF /* OTP */,
			);
			path = Login;
			sourceTree = "<group>";
		};
		B05D2666295B54C600EE05AF /* Manager */ = {
			isa = PBXGroup;
			children = (
				B05D2667295B54D200EE05AF /* RouteManager.swift */,
				B05D2673295B593D00EE05AF /* SessioinManager.swift */,
			);
			path = Manager;
			sourceTree = "<group>";
		};
		B05D2669295B552200EE05AF /* OTP */ = {
			isa = PBXGroup;
			children = (
				B05D266A295B553E00EE05AF /* OTPView.swift */,
			);
			path = OTP;
			sourceTree = "<group>";
		};
		B05D266C295B577900EE05AF /* Mobile */ = {
			isa = PBXGroup;
			children = (
				B05D2671295B57DB00EE05AF /* MobileView.swift */,
			);
			path = Mobile;
			sourceTree = "<group>";
		};
		B05D2675295B5FED00EE05AF /* Home */ = {
			isa = PBXGroup;
			children = (
				B05D2676295B5FFA00EE05AF /* HomeView.swift */,
			);
			path = Home;
			sourceTree = "<group>";
		};
		B05D2678295B6A9600EE05AF /* ReusableViews */ = {
			isa = PBXGroup;
			children = (
				B05D2679295B6AA400EE05AF /* HeaderView.swift */,
			);
			path = ReusableViews;
			sourceTree = "<group>";
		};
/* End PBXGroup section */

/* Begin PBXNativeTarget section */
		B05D2651295B549100EE05AF /* GimBooks */ = {
			isa = PBXNativeTarget;
			buildConfigurationList = B05D2660295B549300EE05AF /* Build configuration list for PBXNativeTarget "GimBooks" */;
			buildPhases = (
				B05D264E295B549100EE05AF /* Sources */,
				B05D264F295B549100EE05AF /* Frameworks */,
				B05D2650295B549100EE05AF /* Resources */,
			);
			buildRules = (
			);
			dependencies = (
			);
			name = GimBooks;
			productName = GimBooks;
			productReference = B05D2652295B549100EE05AF /* GimBooks.app */;
			productType = "com.apple.product-type.application";
		};
/* End PBXNativeTarget section */

/* Begin PBXProject section */
		B05D264A295B549100EE05AF /* Project object */ = {
			isa = PBXProject;
			attributes = {
				BuildIndependentTargetsInParallel = 1;
				LastSwiftUpdateCheck = 1400;
				LastUpgradeCheck = 1400;
				TargetAttributes = {
					B05D2651295B549100EE05AF = {
						CreatedOnToolsVersion = 14.0.1;
					};
				};
			};
			buildConfigurationList = B05D264D295B549100EE05AF /* Build configuration list for PBXProject "GimBooks" */;
			compatibilityVersion = "Xcode 14.0";
			developmentRegion = en;
			hasScannedForEncodings = 0;
			knownRegions = (
				en,
				Base,
			);
			mainGroup = B05D2649295B549100EE05AF;
			productRefGroup = B05D2653295B549100EE05AF /* Products */;
			projectDirPath = "";
			projectRoot = "";
			targets = (
				B05D2651295B549100EE05AF /* GimBooks */,
			);
		};
/* End PBXProject section */

/* Begin PBXResourcesBuildPhase section */
		B05D2650295B549100EE05AF /* Resources */ = {
			isa = PBXResourcesBuildPhase;
			buildActionMask = 2147483647;
			files = (
				B05D267C295B739800EE05AF /* LaunchScreen.storyboard in Resources */,
				B05D265D295B549300EE05AF /* Preview Assets.xcassets in Resources */,
				B05D265A295B549300EE05AF /* Assets.xcassets in Resources */,
			);
			runOnlyForDeploymentPostprocessing = 0;
		};
/* End PBXResourcesBuildPhase section */

/* Begin PBXSourcesBuildPhase section */
		B05D264E295B549100EE05AF /* Sources */ = {
			isa = PBXSourcesBuildPhase;
			buildActionMask = 2147483647;
			files = (
				B05D2672295B57DB00EE05AF /* MobileView.swift in Sources */,
				B05D2668295B54D200EE05AF /* RouteManager.swift in Sources */,
				B05D266B295B553E00EE05AF /* OTPView.swift in Sources */,
				B05D2674295B593D00EE05AF /* SessioinManager.swift in Sources */,
				B05D2677295B5FFA00EE05AF /* HomeView.swift in Sources */,
				B05D2656295B549100EE05AF /* GimBooksApp.swift in Sources */,
				B05D2670295B579600EE05AF /* RootView.swift in Sources */,
				B05D267A295B6AA400EE05AF /* HeaderView.swift in Sources */,
			);
			runOnlyForDeploymentPostprocessing = 0;
		};
/* End PBXSourcesBuildPhase section */

/* Begin XCBuildConfiguration section */
		B05D265E295B549300EE05AF /* Debug */ = {
			isa = XCBuildConfiguration;
			buildSettings = {
				ALWAYS_SEARCH_USER_PATHS = NO;
				CLANG_ANALYZER_NONNULL = YES;
				CLANG_ANALYZER_NUMBER_OBJECT_CONVERSION = YES_AGGRESSIVE;
				CLANG_CXX_LANGUAGE_STANDARD = "gnu++20";
				CLANG_ENABLE_MODULES = YES;
				CLANG_ENABLE_OBJC_ARC = YES;
				CLANG_ENABLE_OBJC_WEAK = YES;
				CLANG_WARN_BLOCK_CAPTURE_AUTORELEASING = YES;
				CLANG_WARN_BOOL_CONVERSION = YES;
				CLANG_WARN_COMMA = YES;
				CLANG_WARN_CONSTANT_CONVERSION = YES;
				CLANG_WARN_DEPRECATED_OBJC_IMPLEMENTATIONS = YES;
				CLANG_WARN_DIRECT_OBJC_ISA_USAGE = YES_ERROR;
				CLANG_WARN_DOCUMENTATION_COMMENTS = YES;
				CLANG_WARN_EMPTY_BODY = YES;
				CLANG_WARN_ENUM_CONVERSION = YES;
				CLANG_WARN_INFINITE_RECURSION = YES;
				CLANG_WARN_INT_CONVERSION = YES;
				CLANG_WARN_NON_LITERAL_NULL_CONVERSION = YES;
				CLANG_WARN_OBJC_IMPLICIT_RETAIN_SELF = YES;
				CLANG_WARN_OBJC_LITERAL_CONVERSION = YES;
				CLANG_WARN_OBJC_ROOT_CLASS = YES_ERROR;
				CLANG_WARN_QUOTED_INCLUDE_IN_FRAMEWORK_HEADER = YES;
				CLANG_WARN_RANGE_LOOP_ANALYSIS = YES;
				CLANG_WARN_STRICT_PROTOTYPES = YES;
				CLANG_WARN_SUSPICIOUS_MOVE = YES;
				CLANG_WARN_UNGUARDED_AVAILABILITY = YES_AGGRESSIVE;
				CLANG_WARN_UNREACHABLE_CODE = YES;
				CLANG_WARN__DUPLICATE_METHOD_MATCH = YES;
				COPY_PHASE_STRIP = NO;
				DEBUG_INFORMATION_FORMAT = dwarf;
				ENABLE_STRICT_OBJC_MSGSEND = YES;
				ENABLE_TESTABILITY = YES;
				GCC_C_LANGUAGE_STANDARD = gnu11;
				GCC_DYNAMIC_NO_PIC = NO;
				GCC_NO_COMMON_BLOCKS = YES;
				GCC_OPTIMIZATION_LEVEL = 0;
				GCC_PREPROCESSOR_DEFINITIONS = (
					"DEBUG=1",
					"$(inherited)",
				);
				GCC_WARN_64_TO_32_BIT_CONVERSION = YES;
				GCC_WARN_ABOUT_RETURN_TYPE = YES_ERROR;
				GCC_WARN_UNDECLARED_SELECTOR = YES;
				GCC_WARN_UNINITIALIZED_AUTOS = YES_AGGRESSIVE;
				GCC_WARN_UNUSED_FUNCTION = YES;
				GCC_WARN_UNUSED_VARIABLE = YES;
				IPHONEOS_DEPLOYMENT_TARGET = 16.0;
				MTL_ENABLE_DEBUG_INFO = INCLUDE_SOURCE;
				MTL_FAST_MATH = YES;
				ONLY_ACTIVE_ARCH = YES;
				SDKROOT = iphoneos;
				SWIFT_ACTIVE_COMPILATION_CONDITIONS = DEBUG;
				SWIFT_OPTIMIZATION_LEVEL = "-Onone";
			};
			name = Debug;
		};
		B05D265F295B549300EE05AF /* Release */ = {
			isa = XCBuildConfiguration;
			buildSettings = {
				ALWAYS_SEARCH_USER_PATHS = NO;
				CLANG_ANALYZER_NONNULL = YES;
				CLANG_ANALYZER_NUMBER_OBJECT_CONVERSION = YES_AGGRESSIVE;
				CLANG_CXX_LANGUAGE_STANDARD = "gnu++20";
				CLANG_ENABLE_MODULES = YES;
				CLANG_ENABLE_OBJC_ARC = YES;
				CLANG_ENABLE_OBJC_WEAK = YES;
				CLANG_WARN_BLOCK_CAPTURE_AUTORELEASING = YES;
				CLANG_WARN_BOOL_CONVERSION = YES;
				CLANG_WARN_COMMA = YES;
				CLANG_WARN_CONSTANT_CONVERSION = YES;
				CLANG_WARN_DEPRECATED_OBJC_IMPLEMENTATIONS = YES;
				CLANG_WARN_DIRECT_OBJC_ISA_USAGE = YES_ERROR;
				CLANG_WARN_DOCUMENTATION_COMMENTS = YES;
				CLANG_WARN_EMPTY_BODY = YES;
				CLANG_WARN_ENUM_CONVERSION = YES;
				CLANG_WARN_INFINITE_RECURSION = YES;
				CLANG_WARN_INT_CONVERSION = YES;
				CLANG_WARN_NON_LITERAL_NULL_CONVERSION = YES;
				CLANG_WARN_OBJC_IMPLICIT_RETAIN_SELF = YES;
				CLANG_WARN_OBJC_LITERAL_CONVERSION = YES;
				CLANG_WARN_OBJC_ROOT_CLASS = YES_ERROR;
				CLANG_WARN_QUOTED_INCLUDE_IN_FRAMEWORK_HEADER = YES;
				CLANG_WARN_RANGE_LOOP_ANALYSIS = YES;
				CLANG_WARN_STRICT_PROTOTYPES = YES;
				CLANG_WARN_SUSPICIOUS_MOVE = YES;
				CLANG_WARN_UNGUARDED_AVAILABILITY = YES_AGGRESSIVE;
				CLANG_WARN_UNREACHABLE_CODE = YES;
				CLANG_WARN__DUPLICATE_METHOD_MATCH = YES;
				COPY_PHASE_STRIP = NO;
				DEBUG_INFORMATION_FORMAT = "dwarf-with-dsym";
				ENABLE_NS_ASSERTIONS = NO;
				ENABLE_STRICT_OBJC_MSGSEND = YES;
				GCC_C_LANGUAGE_STANDARD = gnu11;
				GCC_NO_COMMON_BLOCKS = YES;
				GCC_WARN_64_TO_32_BIT_CONVERSION = YES;
				GCC_WARN_ABOUT_RETURN_TYPE = YES_ERROR;
				GCC_WARN_UNDECLARED_SELECTOR = YES;
				GCC_WARN_UNINITIALIZED_AUTOS = YES_AGGRESSIVE;
				GCC_WARN_UNUSED_FUNCTION = YES;
				GCC_WARN_UNUSED_VARIABLE = YES;
				IPHONEOS_DEPLOYMENT_TARGET = 16.0;
				MTL_ENABLE_DEBUG_INFO = NO;
				MTL_FAST_MATH = YES;
				SDKROOT = iphoneos;
				SWIFT_COMPILATION_MODE = wholemodule;
				SWIFT_OPTIMIZATION_LEVEL = "-O";
				VALIDATE_PRODUCT = YES;
			};
			name = Release;
		};
		B05D2661295B549300EE05AF /* Debug */ = {
			isa = XCBuildConfiguration;
			buildSettings = {
				ASSETCATALOG_COMPILER_APPICON_NAME = AppIcon;
				ASSETCATALOG_COMPILER_GLOBAL_ACCENT_COLOR_NAME = AccentColor;
				CODE_SIGN_STYLE = Automatic;
				CURRENT_PROJECT_VERSION = 1;
				DEVELOPMENT_ASSET_PATHS = "\"GimBooks/Preview Content\"";
				DEVELOPMENT_TEAM = NF89CMS79F;
				ENABLE_PREVIEWS = YES;
				GENERATE_INFOPLIST_FILE = YES;
				INFOPLIST_KEY_UIApplicationSceneManifest_Generation = YES;
				INFOPLIST_KEY_UIApplicationSupportsIndirectInputEvents = YES;
				INFOPLIST_KEY_UILaunchStoryboardName = LaunchScreen.storyboard;
				INFOPLIST_KEY_UISupportedInterfaceOrientations_iPad = "UIInterfaceOrientationPortrait UIInterfaceOrientationPortraitUpsideDown UIInterfaceOrientationLandscapeLeft UIInterfaceOrientationLandscapeRight";
				INFOPLIST_KEY_UISupportedInterfaceOrientations_iPhone = "UIInterfaceOrientationPortrait UIInterfaceOrientationLandscapeLeft UIInterfaceOrientationLandscapeRight";
				LD_RUNPATH_SEARCH_PATHS = (
					"$(inherited)",
					"@executable_path/Frameworks",
				);
				MARKETING_VERSION = 1.0;
				PRODUCT_BUNDLE_IDENTIFIER = com.InsanelyHarsh.GimBooks;
				PRODUCT_NAME = "$(TARGET_NAME)";
				SWIFT_EMIT_LOC_STRINGS = YES;
				SWIFT_VERSION = 5.0;
				TARGETED_DEVICE_FAMILY = "1,2";
			};
			name = Debug;
		};
		B05D2662295B549300EE05AF /* Release */ = {
			isa = XCBuildConfiguration;
			buildSettings = {
				ASSETCATALOG_COMPILER_APPICON_NAME = AppIcon;
				ASSETCATALOG_COMPILER_GLOBAL_ACCENT_COLOR_NAME = AccentColor;
				CODE_SIGN_STYLE = Automatic;
				CURRENT_PROJECT_VERSION = 1;
				DEVELOPMENT_ASSET_PATHS = "\"GimBooks/Preview Content\"";
				DEVELOPMENT_TEAM = NF89CMS79F;
				ENABLE_PREVIEWS = YES;
				GENERATE_INFOPLIST_FILE = YES;
				INFOPLIST_KEY_UIApplicationSceneManifest_Generation = YES;
				INFOPLIST_KEY_UIApplicationSupportsIndirectInputEvents = YES;
				INFOPLIST_KEY_UILaunchStoryboardName = LaunchScreen.storyboard;
				INFOPLIST_KEY_UISupportedInterfaceOrientations_iPad = "UIInterfaceOrientationPortrait UIInterfaceOrientationPortraitUpsideDown UIInterfaceOrientationLandscapeLeft UIInterfaceOrientationLandscapeRight";
				INFOPLIST_KEY_UISupportedInterfaceOrientations_iPhone = "UIInterfaceOrientationPortrait UIInterfaceOrientationLandscapeLeft UIInterfaceOrientationLandscapeRight";
				LD_RUNPATH_SEARCH_PATHS = (
					"$(inherited)",
					"@executable_path/Frameworks",
				);
				MARKETING_VERSION = 1.0;
				PRODUCT_BUNDLE_IDENTIFIER = com.InsanelyHarsh.GimBooks;
				PRODUCT_NAME = "$(TARGET_NAME)";
				SWIFT_EMIT_LOC_STRINGS = YES;
				SWIFT_VERSION = 5.0;
				TARGETED_DEVICE_FAMILY = "1,2";
			};
			name = Release;
		};
/* End XCBuildConfiguration section */

/* Begin XCConfigurationList section */
		B05D264D295B549100EE05AF /* Build configuration list for PBXProject "GimBooks" */ = {
			isa = XCConfigurationList;
			buildConfigurations = (
				B05D265E295B549300EE05AF /* Debug */,
				B05D265F295B549300EE05AF /* Release */,
			);
			defaultConfigurationIsVisible = 0;
			defaultConfigurationName = Release;
		};
		B05D2660295B549300EE05AF /* Build configuration list for PBXNativeTarget "GimBooks" */ = {
			isa = XCConfigurationList;
			buildConfigurations = (
				B05D2661295B549300EE05AF /* Debug */,
				B05D2662295B549300EE05AF /* Release */,
			);
			defaultConfigurationIsVisible = 0;
			defaultConfigurationName = Release;
		};
/* End XCConfigurationList section */
	};
	rootObject = B05D264A295B549100EE05AF /* Project object */;
}
